
Microsoft Visual Studio Solution File, Format Version 12.00
# Visual Studio 2012
Project("{FAE04EC0-301F-11D3-BF4B-00C04F79EFBC}") = "WebXemPhim", "WebXemPhim\WebXemPhim.csproj", "{78C87985-EC31-4818-A80F-308B766A23F2}"
EndProject
Global
	GlobalSection(SolutionConfigurationPlatforms) = preSolution
		Debug|Any CPU = Debug|Any CPU
		Release|Any CPU = Release|Any CPU
	EndGlobalSection
	GlobalSection(ProjectConfigurationPlatforms) = postSolution
		{78C87985-EC31-4818-A80F-308B766A23F2}.Debug|Any CPU.ActiveCfg = Debug|Any CPU
		{78C87985-EC31-4818-A80F-308B766A23F2}.Debug|Any CPU.Build.0 = Debug|Any CPU
		{78C87985-EC31-4818-A80F-308B766A23F2}.Release|Any CPU.ActiveCfg = Release|Any CPU
		{78C87985-EC31-4818-A80F-308B766A23F2}.Release|Any CPU.Build.0 = Release|Any CPU
	EndGlobalSection
	GlobalSection(SolutionProperties) = preSolution
		HideSolutionNode = FALSE
	EndGlobalSection
EndGlobal
